
Microsoft Visual Studio Solution File, Format Version 12.00
# Visual Studio 15
VisualStudioVersion = 15.0.26730.8
MinimumVisualStudioVersion = 10.0.40219.1
Project("{8BC9CEB8-8B4A-11D0-8D11-00A0C91BC942}") = "LRLog", "LRLog.vcxproj", "{DFBDF18A-9221-49E2-98DA-193CFCB342D7}"
EndProject
Global
	GlobalSection(SolutionConfigurationPlatforms) = preSolution
		Debug|x86 = Debug|x86
		Release|x86 = Release|x86
	EndGlobalSection
	GlobalSection(ProjectConfigurationPlatforms) = postSolution
		{DFBDF18A-9221-49E2-98DA-193CFCB342D7}.Debug|x86.ActiveCfg = Debug|Win32
		{DFBDF18A-9221-49E2-98DA-193CFCB342D7}.Debug|x86.Build.0 = Debug|Win32
		{DFBDF18A-9221-49E2-98DA-193CFCB342D7}.Release|x86.ActiveCfg = Release|Win32
		{DFBDF18A-9221-49E2-98DA-193CFCB342D7}.Release|x86.Build.0 = Release|Win32
	EndGlobalSection
	GlobalSection(SolutionProperties) = preSolution
		HideSolutionNode = FALSE
	EndGlobalSection
	GlobalSection(ExtensibilityGlobals) = postSolution
		SolutionGuid = {71D04E62-A189-4B3A-B5B0-9FD1C6A89C21}
	EndGlobalSection
EndGlobal
