
Microsoft Visual Studio Solution File, Format Version 12.00
# Visual Studio 15
VisualStudioVersion = 15.0.26730.8
MinimumVisualStudioVersion = 10.0.40219.1
Project("{8BC9CEB8-8B4A-11D0-8D11-00A0C91BC942}") = "LRMulti", "LRMulti.vcxproj", "{3E35B897-EC76-425E-9174-D94184E6D37A}"
EndProject
Global
	GlobalSection(SolutionConfigurationPlatforms) = preSolution
		Debug|x86 = Debug|x86
		Release|x86 = Release|x86
	EndGlobalSection
	GlobalSection(ProjectConfigurationPlatforms) = postSolution
		{3E35B897-EC76-425E-9174-D94184E6D37A}.Debug|x86.ActiveCfg = Debug|Win32
		{3E35B897-EC76-425E-9174-D94184E6D37A}.Debug|x86.Build.0 = Debug|Win32
		{3E35B897-EC76-425E-9174-D94184E6D37A}.Release|x86.ActiveCfg = Release|Win32
		{3E35B897-EC76-425E-9174-D94184E6D37A}.Release|x86.Build.0 = Release|Win32
	EndGlobalSection
	GlobalSection(SolutionProperties) = preSolution
		HideSolutionNode = FALSE
	EndGlobalSection
	GlobalSection(ExtensibilityGlobals) = postSolution
		SolutionGuid = {168A3F6D-902D-481E-A29A-B082A229E314}
	EndGlobalSection
EndGlobal
